
Microsoft Visual Studio Solution File, Format Version 12.00
# Visual Studio Version 16
VisualStudioVersion = 16.0.28701.123
MinimumVisualStudioVersion = 10.0.40219.1
Project("{FAE04EC0-301F-11D3-BF4B-00C04F79EFBC}") = "LocalChat", "LocalChat\LocalChat.csproj", "{DB64A0D2-CC3D-48EB-9B65-7AC64D304349}"
EndProject
Global
	GlobalSection(SolutionConfigurationPlatforms) = preSolution
		Debug|Any CPU = Debug|Any CPU
		Release|Any CPU = Release|Any CPU
	EndGlobalSection
	GlobalSection(ProjectConfigurationPlatforms) = postSolution
		{DB64A0D2-CC3D-48EB-9B65-7AC64D304349}.Debug|Any CPU.ActiveCfg = Debug|Any CPU
		{DB64A0D2-CC3D-48EB-9B65-7AC64D304349}.Debug|Any CPU.Build.0 = Debug|Any CPU
		{DB64A0D2-CC3D-48EB-9B65-7AC64D304349}.Release|Any CPU.ActiveCfg = Release|Any CPU
		{DB64A0D2-CC3D-48EB-9B65-7AC64D304349}.Release|Any CPU.Build.0 = Release|Any CPU
	EndGlobalSection
	GlobalSection(SolutionProperties) = preSolution
		HideSolutionNode = FALSE
	EndGlobalSection
	GlobalSection(ExtensibilityGlobals) = postSolution
		SolutionGuid = {5D7F5A4A-84AB-4983-90C2-D361816D167E}
	EndGlobalSection
EndGlobal
